
Microsoft Visual Studio Solution File, Format Version 12.00
# Visual Studio Version 17
VisualStudioVersion = 17.9.34728.123
MinimumVisualStudioVersion = 10.0.40219.1
Project("{FAE04EC0-301F-11D3-BF4B-00C04F79EFBC}") = "AppLogin", "AppLogin\AppLogin.csproj", "{AC54388E-E5D6-4D0B-86D2-823BAADF9648}"
EndProject
Global
	GlobalSection(SolutionConfigurationPlatforms) = preSolution
		Debug|Any CPU = Debug|Any CPU
		Release|Any CPU = Release|Any CPU
	EndGlobalSection
	GlobalSection(ProjectConfigurationPlatforms) = postSolution
		{AC54388E-E5D6-4D0B-86D2-823BAADF9648}.Debug|Any CPU.ActiveCfg = Debug|Any CPU
		{AC54388E-E5D6-4D0B-86D2-823BAADF9648}.Debug|Any CPU.Build.0 = Debug|Any CPU
		{AC54388E-E5D6-4D0B-86D2-823BAADF9648}.Release|Any CPU.ActiveCfg = Release|Any CPU
		{AC54388E-E5D6-4D0B-86D2-823BAADF9648}.Release|Any CPU.Build.0 = Release|Any CPU
	EndGlobalSection
	GlobalSection(SolutionProperties) = preSolution
		HideSolutionNode = FALSE
	EndGlobalSection
	GlobalSection(ExtensibilityGlobals) = postSolution
		SolutionGuid = {B8C4232D-2C01-4AF3-AA76-2D181959BA49}
	EndGlobalSection
EndGlobal
